
Microsoft Visual Studio Solution File, Format Version 12.00
# Visual Studio Version 18
VisualStudioVersion = 18.4.11626.88 stable
MinimumVisualStudioVersion = 10.0.40219.1
Project("{FAE04EC0-301F-11D3-BF4B-00C04F79EFBC}") = "InstantMart", "InstantMart.csproj", "{59F42D41-D319-58B5-1508-0590B2137EFA}"
EndProject
Global
	GlobalSection(SolutionConfigurationPlatforms) = preSolution
		Debug|Any CPU = Debug|Any CPU
		Release|Any CPU = Release|Any CPU
	EndGlobalSection
	GlobalSection(ProjectConfigurationPlatforms) = postSolution
		{59F42D41-D319-58B5-1508-0590B2137EFA}.Debug|Any CPU.ActiveCfg = Debug|Any CPU
		{59F42D41-D319-58B5-1508-0590B2137EFA}.Debug|Any CPU.Build.0 = Debug|Any CPU
		{59F42D41-D319-58B5-1508-0590B2137EFA}.Release|Any CPU.ActiveCfg = Release|Any CPU
		{59F42D41-D319-58B5-1508-0590B2137EFA}.Release|Any CPU.Build.0 = Release|Any CPU
	EndGlobalSection
	GlobalSection(SolutionProperties) = preSolution
		HideSolutionNode = FALSE
	EndGlobalSection
	GlobalSection(ExtensibilityGlobals) = postSolution
		SolutionGuid = {C98664EF-FA0D-4FE8-9504-C692BCE13FEB}
	EndGlobalSection
EndGlobal
